
Microsoft Visual Studio Solution File, Format Version 12.00
# Visual Studio Version 17
VisualStudioVersion = 17.11.35303.130
MinimumVisualStudioVersion = 10.0.40219.1
Project("{FAE04EC0-301F-11D3-BF4B-00C04F79EFBC}") = "Baitap07", "Baitap07.csproj", "{A5DA8BC4-F719-4EA6-A151-2F630DB11473}"
EndProject
Global
	GlobalSection(SolutionConfigurationPlatforms) = preSolution
		Debug|Any CPU = Debug|Any CPU
		Release|Any CPU = Release|Any CPU
	EndGlobalSection
	GlobalSection(ProjectConfigurationPlatforms) = postSolution
		{A5DA8BC4-F719-4EA6-A151-2F630DB11473}.Debug|Any CPU.ActiveCfg = Debug|Any CPU
		{A5DA8BC4-F719-4EA6-A151-2F630DB11473}.Debug|Any CPU.Build.0 = Debug|Any CPU
		{A5DA8BC4-F719-4EA6-A151-2F630DB11473}.Release|Any CPU.ActiveCfg = Release|Any CPU
		{A5DA8BC4-F719-4EA6-A151-2F630DB11473}.Release|Any CPU.Build.0 = Release|Any CPU
	EndGlobalSection
	GlobalSection(SolutionProperties) = preSolution
		HideSolutionNode = FALSE
	EndGlobalSection
	GlobalSection(ExtensibilityGlobals) = postSolution
		SolutionGuid = {F4F66426-5748-43AE-AAA9-083FB0C7453E}
	EndGlobalSection
EndGlobal
