
Microsoft Visual Studio Solution File, Format Version 12.00
# Visual Studio Version 17
VisualStudioVersion = 17.11.35219.272
MinimumVisualStudioVersion = 10.0.40219.1
Project("{FAE04EC0-301F-11D3-BF4B-00C04F79EFBC}") = "Baitap04", "Baitap04.csproj", "{ACA05EFE-4D1A-4D78-A070-DDF7D4767251}"
EndProject
Global
	GlobalSection(SolutionConfigurationPlatforms) = preSolution
		Debug|Any CPU = Debug|Any CPU
		Release|Any CPU = Release|Any CPU
	EndGlobalSection
	GlobalSection(ProjectConfigurationPlatforms) = postSolution
		{ACA05EFE-4D1A-4D78-A070-DDF7D4767251}.Debug|Any CPU.ActiveCfg = Debug|Any CPU
		{ACA05EFE-4D1A-4D78-A070-DDF7D4767251}.Debug|Any CPU.Build.0 = Debug|Any CPU
		{ACA05EFE-4D1A-4D78-A070-DDF7D4767251}.Release|Any CPU.ActiveCfg = Release|Any CPU
		{ACA05EFE-4D1A-4D78-A070-DDF7D4767251}.Release|Any CPU.Build.0 = Release|Any CPU
	EndGlobalSection
	GlobalSection(SolutionProperties) = preSolution
		HideSolutionNode = FALSE
	EndGlobalSection
	GlobalSection(ExtensibilityGlobals) = postSolution
		SolutionGuid = {72C1C689-4E11-485D-9027-4B90FF912670}
	EndGlobalSection
EndGlobal
